// !$*UTF8*$!
{
	archiveVersion = 1;
	classes = {
	};
	objectVersion = 56;
	objects = {

/* Begin PBXBuildFile section */
		71934BCB29A635CD00B830BD /* AppDelegate.swift in Sources */ = {isa = PBXBuildFile; fileRef = 71934BCA29A635CD00B830BD /* AppDelegate.swift */; };
		71934BCD29A635CD00B830BD /* SceneDelegate.swift in Sources */ = {isa = PBXBuildFile; fileRef = 71934BCC29A635CD00B830BD /* SceneDelegate.swift */; };
		71934BCF29A635CD00B830BD /* ViewController.swift in Sources */ = {isa = PBXBuildFile; fileRef = 71934BCE29A635CD00B830BD /* ViewController.swift */; };
		71934BD429A635D200B830BD /* Assets.xcassets in Resources */ = {isa = PBXBuildFile; fileRef = 71934BD329A635D200B830BD /* Assets.xcassets */; };
		71934BD729A635D200B830BD /* LaunchScreen.storyboard in Resources */ = {isa = PBXBuildFile; fileRef = 71934BD529A635D200B830BD /* LaunchScreen.storyboard */; };
		71934BDF29A6392C00B830BD /* CountryTableViewCell.swift in Sources */ = {isa = PBXBuildFile; fileRef = 71934BDE29A6392C00B830BD /* CountryTableViewCell.swift */; };
		71A6F25D29A78CBA00D95930 /* ModelCountry.swift in Sources */ = {isa = PBXBuildFile; fileRef = 71A6F25C29A78CBA00D95930 /* ModelCountry.swift */; };
		71A6F26229A7928A00D95930 /* CountryInfoVC.swift in Sources */ = {isa = PBXBuildFile; fileRef = 71A6F26129A7928A00D95930 /* CountryInfoVC.swift */; };
		71A6F26429A793E900D95930 /* ApiManager.swift in Sources */ = {isa = PBXBuildFile; fileRef = 71A6F26329A793E900D95930 /* ApiManager.swift */; };
/* End PBXBuildFile section */

/* Begin PBXFileReference section */
		71934BC729A635CD00B830BD /* Country.app */ = {isa = PBXFileReference; explicitFileType = wrapper.application; includeInIndex = 0; path = Country.app; sourceTree = BUILT_PRODUCTS_DIR; };
		71934BCA29A635CD00B830BD /* AppDelegate.swift */ = {isa = PBXFileReference; lastKnownFileType = sourcecode.swift; path = AppDelegate.swift; sourceTree = "<group>"; };
		71934BCC29A635CD00B830BD /* SceneDelegate.swift */ = {isa = PBXFileReference; lastKnownFileType = sourcecode.swift; path = SceneDelegate.swift; sourceTree = "<group>"; };
		71934BCE29A635CD00B830BD /* ViewController.swift */ = {isa = PBXFileReference; lastKnownFileType = sourcecode.swift; path = ViewController.swift; sourceTree = "<group>"; };
		71934BD329A635D200B830BD /* Assets.xcassets */ = {isa = PBXFileReference; lastKnownFileType = folder.assetcatalog; path = Assets.xcassets; sourceTree = "<group>"; };
		71934BD629A635D200B830BD /* Base */ = {isa = PBXFileReference; lastKnownFileType = file.storyboard; name = Base; path = Base.lproj/LaunchScreen.storyboard; sourceTree = "<group>"; };
		71934BD829A635D200B830BD /* Info.plist */ = {isa = PBXFileReference; lastKnownFileType = text.plist.xml; path = Info.plist; sourceTree = "<group>"; };
		71934BDE29A6392C00B830BD /* CountryTableViewCell.swift */ = {isa = PBXFileReference; lastKnownFileType = sourcecode.swift; path = CountryTableViewCell.swift; sourceTree = "<group>"; };
		71A6F25C29A78CBA00D95930 /* ModelCountry.swift */ = {isa = PBXFileReference; lastKnownFileType = sourcecode.swift; path = ModelCountry.swift; sourceTree = "<group>"; };
		71A6F26129A7928A00D95930 /* CountryInfoVC.swift */ = {isa = PBXFileReference; lastKnownFileType = sourcecode.swift; path = CountryInfoVC.swift; sourceTree = "<group>"; };
		71A6F26329A793E900D95930 /* ApiManager.swift */ = {isa = PBXFileReference; lastKnownFileType = sourcecode.swift; path = ApiManager.swift; sourceTree = "<group>"; };
/* End PBXFileReference section */

/* Begin PBXFrameworksBuildPhase section */
		71934BC429A635CD00B830BD /* Frameworks */ = {
			isa = PBXFrameworksBuildPhase;
			buildActionMask = 2147483647;
			files = (
			);
			runOnlyForDeploymentPostprocessing = 0;
		};
/* End PBXFrameworksBuildPhase section */

/* Begin PBXGroup section */
		7102D43829B751E4008D832D /* View */ = {
			isa = PBXGroup;
			children = (
				71934BDE29A6392C00B830BD /* CountryTableViewCell.swift */,
			);
			path = View;
			sourceTree = "<group>";
		};
		71934BBE29A635CD00B830BD = {
			isa = PBXGroup;
			children = (
				71934BC929A635CD00B830BD /* Country */,
				71934BC829A635CD00B830BD /* Products */,
			);
			sourceTree = "<group>";
		};
		71934BC829A635CD00B830BD /* Products */ = {
			isa = PBXGroup;
			children = (
				71934BC729A635CD00B830BD /* Country.app */,
			);
			name = Products;
			sourceTree = "<group>";
		};
		71934BC929A635CD00B830BD /* Country */ = {
			isa = PBXGroup;
			children = (
				71A6F25F29A78E0100D95930 /* Application */,
				71A6F26029A78E1300D95930 /* API Manager and model */,
				71A6F26529A7CBB600D95930 /* Controllers */,
				7102D43829B751E4008D832D /* View */,
				71A6F25E29A78DD400D95930 /* SupportingFiles */,
			);
			path = Country;
			sourceTree = "<group>";
		};
		71A6F25E29A78DD400D95930 /* SupportingFiles */ = {
			isa = PBXGroup;
			children = (
				71934BD329A635D200B830BD /* Assets.xcassets */,
				71934BD529A635D200B830BD /* LaunchScreen.storyboard */,
				71934BD829A635D200B830BD /* Info.plist */,
			);
			path = SupportingFiles;
			sourceTree = "<group>";
		};
		71A6F25F29A78E0100D95930 /* Application */ = {
			isa = PBXGroup;
			children = (
				71934BCA29A635CD00B830BD /* AppDelegate.swift */,
				71934BCC29A635CD00B830BD /* SceneDelegate.swift */,
			);
			path = Application;
			sourceTree = "<group>";
		};
		71A6F26029A78E1300D95930 /* API Manager and model */ = {
			isa = PBXGroup;
			children = (
				71A6F25C29A78CBA00D95930 /* ModelCountry.swift */,
				71A6F26329A793E900D95930 /* ApiManager.swift */,
			);
			path = "API Manager and model";
			sourceTree = "<group>";
		};
		71A6F26529A7CBB600D95930 /* Controllers */ = {
			isa = PBXGroup;
			children = (
				71934BCE29A635CD00B830BD /* ViewController.swift */,
				71A6F26129A7928A00D95930 /* CountryInfoVC.swift */,
			);
			path = Controllers;
			sourceTree = "<group>";
		};
/* End PBXGroup section */

/* Begin PBXNativeTarget section */
		71934BC629A635CD00B830BD /* Country */ = {
			isa = PBXNativeTarget;
			buildConfigurationList = 71934BDB29A635D200B830BD /* Build configuration list for PBXNativeTarget "Country" */;
			buildPhases = (
				71934BC329A635CD00B830BD /* Sources */,
				71934BC429A635CD00B830BD /* Frameworks */,
				71934BC529A635CD00B830BD /* Resources */,
			);
			buildRules = (
			);
			dependencies = (
			);
			name = Country;
			productName = Country;
			productReference = 71934BC729A635CD00B830BD /* Country.app */;
			productType = "com.apple.product-type.application";
		};
/* End PBXNativeTarget section */

/* Begin PBXProject section */
		71934BBF29A635CD00B830BD /* Project object */ = {
			isa = PBXProject;
			attributes = {
				BuildIndependentTargetsInParallel = 1;
				LastSwiftUpdateCheck = 1400;
				LastUpgradeCheck = 1400;
				TargetAttributes = {
					71934BC629A635CD00B830BD = {
						CreatedOnToolsVersion = 14.0.1;
					};
				};
			};
			buildConfigurationList = 71934BC229A635CD00B830BD /* Build configuration list for PBXProject "Country" */;
			compatibilityVersion = "Xcode 14.0";
			developmentRegion = en;
			hasScannedForEncodings = 0;
			knownRegions = (
				en,
				Base,
			);
			mainGroup = 71934BBE29A635CD00B830BD;
			productRefGroup = 71934BC829A635CD00B830BD /* Products */;
			projectDirPath = "";
			projectRoot = "";
			targets = (
				71934BC629A635CD00B830BD /* Country */,
			);
		};
/* End PBXProject section */

/* Begin PBXResourcesBuildPhase section */
		71934BC529A635CD00B830BD /* Resources */ = {
			isa = PBXResourcesBuildPhase;
			buildActionMask = 2147483647;
			files = (
				71934BD729A635D200B830BD /* LaunchScreen.storyboard in Resources */,
				71934BD429A635D200B830BD /* Assets.xcassets in Resources */,
			);
			runOnlyForDeploymentPostprocessing = 0;
		};
/* End PBXResourcesBuildPhase section */

/* Begin PBXSourcesBuildPhase section */
		71934BC329A635CD00B830BD /* Sources */ = {
			isa = PBXSourcesBuildPhase;
			buildActionMask = 2147483647;
			files = (
				71934BDF29A6392C00B830BD /* CountryTableViewCell.swift in Sources */,
				71934BCF29A635CD00B830BD /* ViewController.swift in Sources */,
				71934BCB29A635CD00B830BD /* AppDelegate.swift in Sources */,
				71A6F26429A793E900D95930 /* ApiManager.swift in Sources */,
				71A6F25D29A78CBA00D95930 /* ModelCountry.swift in Sources */,
				71934BCD29A635CD00B830BD /* SceneDelegate.swift in Sources */,
				71A6F26229A7928A00D95930 /* CountryInfoVC.swift in Sources */,
			);
			runOnlyForDeploymentPostprocessing = 0;
		};
/* End PBXSourcesBuildPhase section */

/* Begin PBXVariantGroup section */
		71934BD529A635D200B830BD /* LaunchScreen.storyboard */ = {
			isa = PBXVariantGroup;
			children = (
				71934BD629A635D200B830BD /* Base */,
			);
			name = LaunchScreen.storyboard;
			sourceTree = "<group>";
		};
/* End PBXVariantGroup section */

/* Begin XCBuildConfiguration section */
		71934BD929A635D200B830BD /* Debug */ = {
			isa = XCBuildConfiguration;
			buildSettings = {
				ALWAYS_SEARCH_USER_PATHS = NO;
				CLANG_ANALYZER_NONNULL = YES;
				CLANG_ANALYZER_NUMBER_OBJECT_CONVERSION = YES_AGGRESSIVE;
				CLANG_CXX_LANGUAGE_STANDARD = "gnu++20";
				CLANG_ENABLE_MODULES = YES;
				CLANG_ENABLE_OBJC_ARC = YES;
				CLANG_ENABLE_OBJC_WEAK = YES;
				CLANG_WARN_BLOCK_CAPTURE_AUTORELEASING = YES;
				CLANG_WARN_BOOL_CONVERSION = YES;
				CLANG_WARN_COMMA = YES;
				CLANG_WARN_CONSTANT_CONVERSION = YES;
				CLANG_WARN_DEPRECATED_OBJC_IMPLEMENTATIONS = YES;
				CLANG_WARN_DIRECT_OBJC_ISA_USAGE = YES_ERROR;
				CLANG_WARN_DOCUMENTATION_COMMENTS = YES;
				CLANG_WARN_EMPTY_BODY = YES;
				CLANG_WARN_ENUM_CONVERSION = YES;
				CLANG_WARN_INFINITE_RECURSION = YES;
				CLANG_WARN_INT_CONVERSION = YES;
				CLANG_WARN_NON_LITERAL_NULL_CONVERSION = YES;
				CLANG_WARN_OBJC_IMPLICIT_RETAIN_SELF = YES;
				CLANG_WARN_OBJC_LITERAL_CONVERSION = YES;
				CLANG_WARN_OBJC_ROOT_CLASS = YES_ERROR;
				CLANG_WARN_QUOTED_INCLUDE_IN_FRAMEWORK_HEADER = YES;
				CLANG_WARN_RANGE_LOOP_ANALYSIS = YES;
				CLANG_WARN_STRICT_PROTOTYPES = YES;
				CLANG_WARN_SUSPICIOUS_MOVE = YES;
				CLANG_WARN_UNGUARDED_AVAILABILITY = YES_AGGRESSIVE;
				CLANG_WARN_UNREACHABLE_CODE = YES;
				CLANG_WARN__DUPLICATE_METHOD_MATCH = YES;
				COPY_PHASE_STRIP = NO;
				DEBUG_INFORMATION_FORMAT = dwarf;
				ENABLE_STRICT_OBJC_MSGSEND = YES;
				ENABLE_TESTABILITY = YES;
				GCC_C_LANGUAGE_STANDARD = gnu11;
				GCC_DYNAMIC_NO_PIC = NO;
				GCC_NO_COMMON_BLOCKS = YES;
				GCC_OPTIMIZATION_LEVEL = 0;
				GCC_PREPROCESSOR_DEFINITIONS = (
					"DEBUG=1",
					"$(inherited)",
				);
				GCC_WARN_64_TO_32_BIT_CONVERSION = YES;
				GCC_WARN_ABOUT_RETURN_TYPE = YES_ERROR;
				GCC_WARN_UNDECLARED_SELECTOR = YES;
				GCC_WARN_UNINITIALIZED_AUTOS = YES_AGGRESSIVE;
				GCC_WARN_UNUSED_FUNCTION = YES;
				GCC_WARN_UNUSED_VARIABLE = YES;
				IPHONEOS_DEPLOYMENT_TARGET = 16.0;
				MTL_ENABLE_DEBUG_INFO = INCLUDE_SOURCE;
				MTL_FAST_MATH = YES;
				ONLY_ACTIVE_ARCH = YES;
				SDKROOT = iphoneos;
				SWIFT_ACTIVE_COMPILATION_CONDITIONS = DEBUG;
				SWIFT_OPTIMIZATION_LEVEL = "-Onone";
			};
			name = Debug;
		};
		71934BDA29A635D200B830BD /* Release */ = {
			isa = XCBuildConfiguration;
			buildSettings = {
				ALWAYS_SEARCH_USER_PATHS = NO;
				CLANG_ANALYZER_NONNULL = YES;
				CLANG_ANALYZER_NUMBER_OBJECT_CONVERSION = YES_AGGRESSIVE;
				CLANG_CXX_LANGUAGE_STANDARD = "gnu++20";
				CLANG_ENABLE_MODULES = YES;
				CLANG_ENABLE_OBJC_ARC = YES;
				CLANG_ENABLE_OBJC_WEAK = YES;
				CLANG_WARN_BLOCK_CAPTURE_AUTORELEASING = YES;
				CLANG_WARN_BOOL_CONVERSION = YES;
				CLANG_WARN_COMMA = YES;
				CLANG_WARN_CONSTANT_CONVERSION = YES;
				CLANG_WARN_DEPRECATED_OBJC_IMPLEMENTATIONS = YES;
				CLANG_WARN_DIRECT_OBJC_ISA_USAGE = YES_ERROR;
				CLANG_WARN_DOCUMENTATION_COMMENTS = YES;
				CLANG_WARN_EMPTY_BODY = YES;
				CLANG_WARN_ENUM_CONVERSION = YES;
				CLANG_WARN_INFINITE_RECURSION = YES;
				CLANG_WARN_INT_CONVERSION = YES;
				CLANG_WARN_NON_LITERAL_NULL_CONVERSION = YES;
				CLANG_WARN_OBJC_IMPLICIT_RETAIN_SELF = YES;
				CLANG_WARN_OBJC_LITERAL_CONVERSION = YES;
				CLANG_WARN_OBJC_ROOT_CLASS = YES_ERROR;
				CLANG_WARN_QUOTED_INCLUDE_IN_FRAMEWORK_HEADER = YES;
				CLANG_WARN_RANGE_LOOP_ANALYSIS = YES;
				CLANG_WARN_STRICT_PROTOTYPES = YES;
				CLANG_WARN_SUSPICIOUS_MOVE = YES;
				CLANG_WARN_UNGUARDED_AVAILABILITY = YES_AGGRESSIVE;
				CLANG_WARN_UNREACHABLE_CODE = YES;
				CLANG_WARN__DUPLICATE_METHOD_MATCH = YES;
				COPY_PHASE_STRIP = NO;
				DEBUG_INFORMATION_FORMAT = "dwarf-with-dsym";
				ENABLE_NS_ASSERTIONS = NO;
				ENABLE_STRICT_OBJC_MSGSEND = YES;
				GCC_C_LANGUAGE_STANDARD = gnu11;
				GCC_NO_COMMON_BLOCKS = YES;
				GCC_WARN_64_TO_32_BIT_CONVERSION = YES;
				GCC_WARN_ABOUT_RETURN_TYPE = YES_ERROR;
				GCC_WARN_UNDECLARED_SELECTOR = YES;
				GCC_WARN_UNINITIALIZED_AUTOS = YES_AGGRESSIVE;
				GCC_WARN_UNUSED_FUNCTION = YES;
				GCC_WARN_UNUSED_VARIABLE = YES;
				IPHONEOS_DEPLOYMENT_TARGET = 16.0;
				MTL_ENABLE_DEBUG_INFO = NO;
				MTL_FAST_MATH = YES;
				SDKROOT = iphoneos;
				SWIFT_COMPILATION_MODE = wholemodule;
				SWIFT_OPTIMIZATION_LEVEL = "-O";
				VALIDATE_PRODUCT = YES;
			};
			name = Release;
		};
		71934BDC29A635D200B830BD /* Debug */ = {
			isa = XCBuildConfiguration;
			buildSettings = {
				ASSETCATALOG_COMPILER_APPICON_NAME = AppIcon;
				ASSETCATALOG_COMPILER_GLOBAL_ACCENT_COLOR_NAME = AccentColor;
				CODE_SIGN_STYLE = Automatic;
				CURRENT_PROJECT_VERSION = 1;
				GENERATE_INFOPLIST_FILE = YES;
				INFOPLIST_FILE = Country/SupportingFiles/Info.plist;
				INFOPLIST_KEY_UIApplicationSupportsIndirectInputEvents = YES;
				INFOPLIST_KEY_UILaunchStoryboardName = LaunchScreen;
				INFOPLIST_KEY_UISupportedInterfaceOrientations = UIInterfaceOrientationPortrait;
				INFOPLIST_KEY_UISupportedInterfaceOrientations_iPad = "UIInterfaceOrientationLandscapeLeft UIInterfaceOrientationLandscapeRight UIInterfaceOrientationPortrait UIInterfaceOrientationPortraitUpsideDown";
				LD_RUNPATH_SEARCH_PATHS = (
					"$(inherited)",
					"@executable_path/Frameworks",
				);
				MARKETING_VERSION = 1.0;
				PRODUCT_BUNDLE_IDENTIFIER = UIKitLesson.Country;
				PRODUCT_NAME = "$(TARGET_NAME)";
				SUPPORTED_PLATFORMS = "iphoneos iphonesimulator";
				SUPPORTS_MACCATALYST = NO;
				SUPPORTS_MAC_DESIGNED_FOR_IPHONE_IPAD = YES;
				SWIFT_EMIT_LOC_STRINGS = YES;
				SWIFT_VERSION = 5.0;
				TARGETED_DEVICE_FAMILY = 1;
			};
			name = Debug;
		};
		71934BDD29A635D200B830BD /* Release */ = {
			isa = XCBuildConfiguration;
			buildSettings = {
				ASSETCATALOG_COMPILER_APPICON_NAME = AppIcon;
				ASSETCATALOG_COMPILER_GLOBAL_ACCENT_COLOR_NAME = AccentColor;
				CODE_SIGN_STYLE = Automatic;
				CURRENT_PROJECT_VERSION = 1;
				GENERATE_INFOPLIST_FILE = YES;
				INFOPLIST_FILE = Country/SupportingFiles/Info.plist;
				INFOPLIST_KEY_UIApplicationSupportsIndirectInputEvents = YES;
				INFOPLIST_KEY_UILaunchStoryboardName = LaunchScreen;
				INFOPLIST_KEY_UISupportedInterfaceOrientations = UIInterfaceOrientationPortrait;
				INFOPLIST_KEY_UISupportedInterfaceOrientations_iPad = "UIInterfaceOrientationLandscapeLeft UIInterfaceOrientationLandscapeRight UIInterfaceOrientationPortrait UIInterfaceOrientationPortraitUpsideDown";
				LD_RUNPATH_SEARCH_PATHS = (
					"$(inherited)",
					"@executable_path/Frameworks",
				);
				MARKETING_VERSION = 1.0;
				PRODUCT_BUNDLE_IDENTIFIER = UIKitLesson.Country;
				PRODUCT_NAME = "$(TARGET_NAME)";
				SUPPORTED_PLATFORMS = "iphoneos iphonesimulator";
				SUPPORTS_MACCATALYST = NO;
				SUPPORTS_MAC_DESIGNED_FOR_IPHONE_IPAD = YES;
				SWIFT_EMIT_LOC_STRINGS = YES;
				SWIFT_VERSION = 5.0;
				TARGETED_DEVICE_FAMILY = 1;
			};
			name = Release;
		};
/* End XCBuildConfiguration section */

/* Begin XCConfigurationList section */
		71934BC229A635CD00B830BD /* Build configuration list for PBXProject "Country" */ = {
			isa = XCConfigurationList;
			buildConfigurations = (
				71934BD929A635D200B830BD /* Debug */,
				71934BDA29A635D200B830BD /* Release */,
			);
			defaultConfigurationIsVisible = 0;
			defaultConfigurationName = Release;
		};
		71934BDB29A635D200B830BD /* Build configuration list for PBXNativeTarget "Country" */ = {
			isa = XCConfigurationList;
			buildConfigurations = (
				71934BDC29A635D200B830BD /* Debug */,
				71934BDD29A635D200B830BD /* Release */,
			);
			defaultConfigurationIsVisible = 0;
			defaultConfigurationName = Release;
		};
/* End XCConfigurationList section */
	};
	rootObject = 71934BBF29A635CD00B830BD /* Project object */;
}
